
Microsoft Visual Studio Solution File, Format Version 12.00
# Visual Studio 14
VisualStudioVersion = 14.0.25123.0
MinimumVisualStudioVersion = 10.0.40219.1
Project("{FAE04EC0-301F-11D3-BF4B-00C04F79EFBC}") = "Restofit.Droid", "Restofit\Restofit.Droid\Restofit.Droid.csproj", "{53B2A58E-6D48-4595-93CB-BB80750F85BE}"
EndProject
Project("{FAE04EC0-301F-11D3-BF4B-00C04F79EFBC}") = "Restofit.iOS", "Restofit\Restofit.iOS\Restofit.iOS.csproj", "{B79657BB-4B0F-471B-8FE1-D1726B2C3CFB}"
EndProject
Project("{FAE04EC0-301F-11D3-BF4B-00C04F79EFBC}") = "Restofit.WinPhone", "Restofit\Restofit.WinPhone\Restofit.WinPhone.csproj", "{8D648EDD-B21E-4BCC-A0C2-5FD39D457720}"
EndProject
Project("{FAE04EC0-301F-11D3-BF4B-00C04F79EFBC}") = "Restofit.UWP", "Restofit\Restofit.UWP\Restofit.UWP.csproj", "{31E81BB3-8690-4A0F-B036-0C97C9A29A70}"
EndProject
Project("{FAE04EC0-301F-11D3-BF4B-00C04F79EFBC}") = "Restofit.Windows", "Restofit\Restofit.Windows\Restofit.Windows.csproj", "{C248309E-45DC-4F5A-9D93-B58D91A5161C}"
EndProject
Project("{FAE04EC0-301F-11D3-BF4B-00C04F79EFBC}") = "Restofit.Core", "Restofit\Restofit.Core\Restofit.Core.csproj", "{5F196D46-8F4B-46B1-8DA5-2307A8F694A4}"
EndProject
Project("{2150E333-8FDC-42A3-9474-1A3956D46DE8}") = "Portable", "Portable", "{D394AEC9-E91A-4744-A71D-A1EEF7AE25AE}"
EndProject
Project("{FAE04EC0-301F-11D3-BF4B-00C04F79EFBC}") = "Restofit.UI", "Restofit\Restofit.UI\Restofit.UI.csproj", "{147BFF0E-3BA8-4470-A565-912F96AB1BBD}"
EndProject
Global
	GlobalSection(SolutionConfigurationPlatforms) = preSolution
		Ad-Hoc|Any CPU = Ad-Hoc|Any CPU
		Ad-Hoc|ARM = Ad-Hoc|ARM
		Ad-Hoc|iPhone = Ad-Hoc|iPhone
		Ad-Hoc|iPhoneSimulator = Ad-Hoc|iPhoneSimulator
		Ad-Hoc|x64 = Ad-Hoc|x64
		Ad-Hoc|x86 = Ad-Hoc|x86
		AppStore|Any CPU = AppStore|Any CPU
		AppStore|ARM = AppStore|ARM
		AppStore|iPhone = AppStore|iPhone
		AppStore|iPhoneSimulator = AppStore|iPhoneSimulator
		AppStore|x64 = AppStore|x64
		AppStore|x86 = AppStore|x86
		Debug|Any CPU = Debug|Any CPU
		Debug|ARM = Debug|ARM
		Debug|iPhone = Debug|iPhone
		Debug|iPhoneSimulator = Debug|iPhoneSimulator
		Debug|x64 = Debug|x64
		Debug|x86 = Debug|x86
		Release|Any CPU = Release|Any CPU
		Release|ARM = Release|ARM
		Release|iPhone = Release|iPhone
		Release|iPhoneSimulator = Release|iPhoneSimulator
		Release|x64 = Release|x64
		Release|x86 = Release|x86
	EndGlobalSection
	GlobalSection(ProjectConfigurationPlatforms) = postSolution
		{53B2A58E-6D48-4595-93CB-BB80750F85BE}.Ad-Hoc|Any CPU.ActiveCfg = Release|Any CPU
		{53B2A58E-6D48-4595-93CB-BB80750F85BE}.Ad-Hoc|Any CPU.Build.0 = Release|Any CPU
		{53B2A58E-6D48-4595-93CB-BB80750F85BE}.Ad-Hoc|Any CPU.Deploy.0 = Release|Any CPU
		{53B2A58E-6D48-4595-93CB-BB80750F85BE}.Ad-Hoc|ARM.ActiveCfg = Release|Any CPU
		{53B2A58E-6D48-4595-93CB-BB80750F85BE}.Ad-Hoc|ARM.Build.0 = Release|Any CPU
		{53B2A58E-6D48-4595-93CB-BB80750F85BE}.Ad-Hoc|ARM.Deploy.0 = Release|Any CPU
		{53B2A58E-6D48-4595-93CB-BB80750F85BE}.Ad-Hoc|iPhone.ActiveCfg = Release|Any CPU
		{53B2A58E-6D48-4595-93CB-BB80750F85BE}.Ad-Hoc|iPhone.Build.0 = Release|Any CPU
		{53B2A58E-6D48-4595-93CB-BB80750F85BE}.Ad-Hoc|iPhone.Deploy.0 = Release|Any CPU
		{53B2A58E-6D48-4595-93CB-BB80750F85BE}.Ad-Hoc|iPhoneSimulator.ActiveCfg = Release|Any CPU
		{53B2A58E-6D48-4595-93CB-BB80750F85BE}.Ad-Hoc|iPhoneSimulator.Build.0 = Release|Any CPU
		{53B2A58E-6D48-4595-93CB-BB80750F85BE}.Ad-Hoc|iPhoneSimulator.Deploy.0 = Release|Any CPU
		{53B2A58E-6D48-4595-93CB-BB80750F85BE}.Ad-Hoc|x64.ActiveCfg = Release|Any CPU
		{53B2A58E-6D48-4595-93CB-BB80750F85BE}.Ad-Hoc|x64.Build.0 = Release|Any CPU
		{53B2A58E-6D48-4595-93CB-BB80750F85BE}.Ad-Hoc|x64.Deploy.0 = Release|Any CPU
		{53B2A58E-6D48-4595-93CB-BB80750F85BE}.Ad-Hoc|x86.ActiveCfg = Release|Any CPU
		{53B2A58E-6D48-4595-93CB-BB80750F85BE}.Ad-Hoc|x86.Build.0 = Release|Any CPU
		{53B2A58E-6D48-4595-93CB-BB80750F85BE}.Ad-Hoc|x86.Deploy.0 = Release|Any CPU
		{53B2A58E-6D48-4595-93CB-BB80750F85BE}.AppStore|Any CPU.ActiveCfg = Release|Any CPU
		{53B2A58E-6D48-4595-93CB-BB80750F85BE}.AppStore|Any CPU.Build.0 = Release|Any CPU
		{53B2A58E-6D48-4595-93CB-BB80750F85BE}.AppStore|Any CPU.Deploy.0 = Release|Any CPU
		{53B2A58E-6D48-4595-93CB-BB80750F85BE}.AppStore|ARM.ActiveCfg = Release|Any CPU
		{53B2A58E-6D48-4595-93CB-BB80750F85BE}.AppStore|ARM.Build.0 = Release|Any CPU
		{53B2A58E-6D48-4595-93CB-BB80750F85BE}.AppStore|ARM.Deploy.0 = Release|Any CPU
		{53B2A58E-6D48-4595-93CB-BB80750F85BE}.AppStore|iPhone.ActiveCfg = Release|Any CPU
		{53B2A58E-6D48-4595-93CB-BB80750F85BE}.AppStore|iPhone.Build.0 = Release|Any CPU
		{53B2A58E-6D48-4595-93CB-BB80750F85BE}.AppStore|iPhone.Deploy.0 = Release|Any CPU
		{53B2A58E-6D48-4595-93CB-BB80750F85BE}.AppStore|iPhoneSimulator.ActiveCfg = Release|Any CPU
		{53B2A58E-6D48-4595-93CB-BB80750F85BE}.AppStore|iPhoneSimulator.Build.0 = Release|Any CPU
		{53B2A58E-6D48-4595-93CB-BB80750F85BE}.AppStore|iPhoneSimulator.Deploy.0 = Release|Any CPU
		{53B2A58E-6D48-4595-93CB-BB80750F85BE}.AppStore|x64.ActiveCfg = Release|Any CPU
		{53B2A58E-6D48-4595-93CB-BB80750F85BE}.AppStore|x64.Build.0 = Release|Any CPU
		{53B2A58E-6D48-4595-93CB-BB80750F85BE}.AppStore|x64.Deploy.0 = Release|Any CPU
		{53B2A58E-6D48-4595-93CB-BB80750F85BE}.AppStore|x86.ActiveCfg = Release|Any CPU
		{53B2A58E-6D48-4595-93CB-BB80750F85BE}.AppStore|x86.Build.0 = Release|Any CPU
		{53B2A58E-6D48-4595-93CB-BB80750F85BE}.AppStore|x86.Deploy.0 = Release|Any CPU
		{53B2A58E-6D48-4595-93CB-BB80750F85BE}.Debug|Any CPU.ActiveCfg = Debug|Any CPU
		{53B2A58E-6D48-4595-93CB-BB80750F85BE}.Debug|Any CPU.Build.0 = Debug|Any CPU
		{53B2A58E-6D48-4595-93CB-BB80750F85BE}.Debug|Any CPU.Deploy.0 = Debug|Any CPU
		{53B2A58E-6D48-4595-93CB-BB80750F85BE}.Debug|ARM.ActiveCfg = Debug|Any CPU
		{53B2A58E-6D48-4595-93CB-BB80750F85BE}.Debug|ARM.Build.0 = Debug|Any CPU
		{53B2A58E-6D48-4595-93CB-BB80750F85BE}.Debug|ARM.Deploy.0 = Debug|Any CPU
		{53B2A58E-6D48-4595-93CB-BB80750F85BE}.Debug|iPhone.ActiveCfg = Debug|Any CPU
		{53B2A58E-6D48-4595-93CB-BB80750F85BE}.Debug|iPhone.Build.0 = Debug|Any CPU
		{53B2A58E-6D48-4595-93CB-BB80750F85BE}.Debug|iPhone.Deploy.0 = Debug|Any CPU
		{53B2A58E-6D48-4595-93CB-BB80750F85BE}.Debug|iPhoneSimulator.ActiveCfg = Debug|Any CPU
		{53B2A58E-6D48-4595-93CB-BB80750F85BE}.Debug|iPhoneSimulator.Build.0 = Debug|Any CPU
		{53B2A58E-6D48-4595-93CB-BB80750F85BE}.Debug|iPhoneSimulator.Deploy.0 = Debug|Any CPU
		{53B2A58E-6D48-4595-93CB-BB80750F85BE}.Debug|x64.ActiveCfg = Debug|Any CPU
		{53B2A58E-6D48-4595-93CB-BB80750F85BE}.Debug|x64.Build.0 = Debug|Any CPU
		{53B2A58E-6D48-4595-93CB-BB80750F85BE}.Debug|x64.Deploy.0 = Debug|Any CPU
		{53B2A58E-6D48-4595-93CB-BB80750F85BE}.Debug|x86.ActiveCfg = Debug|Any CPU
		{53B2A58E-6D48-4595-93CB-BB80750F85BE}.Debug|x86.Build.0 = Debug|Any CPU
		{53B2A58E-6D48-4595-93CB-BB80750F85BE}.Debug|x86.Deploy.0 = Debug|Any CPU
		{53B2A58E-6D48-4595-93CB-BB80750F85BE}.Release|Any CPU.ActiveCfg = Release|Any CPU
		{53B2A58E-6D48-4595-93CB-BB80750F85BE}.Release|Any CPU.Build.0 = Release|Any CPU
		{53B2A58E-6D48-4595-93CB-BB80750F85BE}.Release|Any CPU.Deploy.0 = Release|Any CPU
		{53B2A58E-6D48-4595-93CB-BB80750F85BE}.Release|ARM.ActiveCfg = Release|Any CPU
		{53B2A58E-6D48-4595-93CB-BB80750F85BE}.Release|ARM.Build.0 = Release|Any CPU
		{53B2A58E-6D48-4595-93CB-BB80750F85BE}.Release|ARM.Deploy.0 = Release|Any CPU
		{53B2A58E-6D48-4595-93CB-BB80750F85BE}.Release|iPhone.ActiveCfg = Release|Any CPU
		{53B2A58E-6D48-4595-93CB-BB80750F85BE}.Release|iPhone.Build.0 = Release|Any CPU
		{53B2A58E-6D48-4595-93CB-BB80750F85BE}.Release|iPhone.Deploy.0 = Release|Any CPU
		{53B2A58E-6D48-4595-93CB-BB80750F85BE}.Release|iPhoneSimulator.ActiveCfg = Release|Any CPU
		{53B2A58E-6D48-4595-93CB-BB80750F85BE}.Release|iPhoneSimulator.Build.0 = Release|Any CPU
		{53B2A58E-6D48-4595-93CB-BB80750F85BE}.Release|iPhoneSimulator.Deploy.0 = Release|Any CPU
		{53B2A58E-6D48-4595-93CB-BB80750F85BE}.Release|x64.ActiveCfg = Release|Any CPU
		{53B2A58E-6D48-4595-93CB-BB80750F85BE}.Release|x64.Build.0 = Release|Any CPU
		{53B2A58E-6D48-4595-93CB-BB80750F85BE}.Release|x64.Deploy.0 = Release|Any CPU
		{53B2A58E-6D48-4595-93CB-BB80750F85BE}.Release|x86.ActiveCfg = Release|Any CPU
		{53B2A58E-6D48-4595-93CB-BB80750F85BE}.Release|x86.Build.0 = Release|Any CPU
		{53B2A58E-6D48-4595-93CB-BB80750F85BE}.Release|x86.Deploy.0 = Release|Any CPU
		{B79657BB-4B0F-471B-8FE1-D1726B2C3CFB}.Ad-Hoc|Any CPU.ActiveCfg = Ad-Hoc|iPhone
		{B79657BB-4B0F-471B-8FE1-D1726B2C3CFB}.Ad-Hoc|ARM.ActiveCfg = Ad-Hoc|iPhone
		{B79657BB-4B0F-471B-8FE1-D1726B2C3CFB}.Ad-Hoc|iPhone.ActiveCfg = Ad-Hoc|iPhone
		{B79657BB-4B0F-471B-8FE1-D1726B2C3CFB}.Ad-Hoc|iPhone.Build.0 = Ad-Hoc|iPhone
		{B79657BB-4B0F-471B-8FE1-D1726B2C3CFB}.Ad-Hoc|iPhoneSimulator.ActiveCfg = Ad-Hoc|iPhoneSimulator
		{B79657BB-4B0F-471B-8FE1-D1726B2C3CFB}.Ad-Hoc|iPhoneSimulator.Build.0 = Ad-Hoc|iPhoneSimulator
		{B79657BB-4B0F-471B-8FE1-D1726B2C3CFB}.Ad-Hoc|x64.ActiveCfg = Ad-Hoc|iPhone
		{B79657BB-4B0F-471B-8FE1-D1726B2C3CFB}.Ad-Hoc|x86.ActiveCfg = Ad-Hoc|iPhone
		{B79657BB-4B0F-471B-8FE1-D1726B2C3CFB}.AppStore|Any CPU.ActiveCfg = AppStore|iPhone
		{B79657BB-4B0F-471B-8FE1-D1726B2C3CFB}.AppStore|ARM.ActiveCfg = AppStore|iPhone
		{B79657BB-4B0F-471B-8FE1-D1726B2C3CFB}.AppStore|iPhone.ActiveCfg = AppStore|iPhone
		{B79657BB-4B0F-471B-8FE1-D1726B2C3CFB}.AppStore|iPhone.Build.0 = AppStore|iPhone
		{B79657BB-4B0F-471B-8FE1-D1726B2C3CFB}.AppStore|iPhoneSimulator.ActiveCfg = AppStore|iPhoneSimulator
		{B79657BB-4B0F-471B-8FE1-D1726B2C3CFB}.AppStore|iPhoneSimulator.Build.0 = AppStore|iPhoneSimulator
		{B79657BB-4B0F-471B-8FE1-D1726B2C3CFB}.AppStore|x64.ActiveCfg = AppStore|iPhone
		{B79657BB-4B0F-471B-8FE1-D1726B2C3CFB}.AppStore|x86.ActiveCfg = AppStore|iPhone
		{B79657BB-4B0F-471B-8FE1-D1726B2C3CFB}.Debug|Any CPU.ActiveCfg = Debug|iPhone
		{B79657BB-4B0F-471B-8FE1-D1726B2C3CFB}.Debug|ARM.ActiveCfg = Debug|iPhone
		{B79657BB-4B0F-471B-8FE1-D1726B2C3CFB}.Debug|iPhone.ActiveCfg = Debug|iPhone
		{B79657BB-4B0F-471B-8FE1-D1726B2C3CFB}.Debug|iPhone.Build.0 = Debug|iPhone
		{B79657BB-4B0F-471B-8FE1-D1726B2C3CFB}.Debug|iPhoneSimulator.ActiveCfg = Debug|iPhoneSimulator
		{B79657BB-4B0F-471B-8FE1-D1726B2C3CFB}.Debug|iPhoneSimulator.Build.0 = Debug|iPhoneSimulator
		{B79657BB-4B0F-471B-8FE1-D1726B2C3CFB}.Debug|x64.ActiveCfg = Debug|iPhone
		{B79657BB-4B0F-471B-8FE1-D1726B2C3CFB}.Debug|x86.ActiveCfg = Debug|iPhone
		{B79657BB-4B0F-471B-8FE1-D1726B2C3CFB}.Release|Any CPU.ActiveCfg = Release|iPhone
		{B79657BB-4B0F-471B-8FE1-D1726B2C3CFB}.Release|ARM.ActiveCfg = Release|iPhone
		{B79657BB-4B0F-471B-8FE1-D1726B2C3CFB}.Release|iPhone.ActiveCfg = Release|iPhone
		{B79657BB-4B0F-471B-8FE1-D1726B2C3CFB}.Release|iPhone.Build.0 = Release|iPhone
		{B79657BB-4B0F-471B-8FE1-D1726B2C3CFB}.Release|iPhoneSimulator.ActiveCfg = Release|iPhoneSimulator
		{B79657BB-4B0F-471B-8FE1-D1726B2C3CFB}.Release|iPhoneSimulator.Build.0 = Release|iPhoneSimulator
		{B79657BB-4B0F-471B-8FE1-D1726B2C3CFB}.Release|x64.ActiveCfg = Release|iPhone
		{B79657BB-4B0F-471B-8FE1-D1726B2C3CFB}.Release|x86.ActiveCfg = Release|iPhone
		{8D648EDD-B21E-4BCC-A0C2-5FD39D457720}.Ad-Hoc|Any CPU.ActiveCfg = Release|Any CPU
		{8D648EDD-B21E-4BCC-A0C2-5FD39D457720}.Ad-Hoc|Any CPU.Build.0 = Release|Any CPU
		{8D648EDD-B21E-4BCC-A0C2-5FD39D457720}.Ad-Hoc|Any CPU.Deploy.0 = Release|Any CPU
		{8D648EDD-B21E-4BCC-A0C2-5FD39D457720}.Ad-Hoc|ARM.ActiveCfg = Release|ARM
		{8D648EDD-B21E-4BCC-A0C2-5FD39D457720}.Ad-Hoc|ARM.Build.0 = Release|ARM
		{8D648EDD-B21E-4BCC-A0C2-5FD39D457720}.Ad-Hoc|ARM.Deploy.0 = Release|ARM
		{8D648EDD-B21E-4BCC-A0C2-5FD39D457720}.Ad-Hoc|iPhone.ActiveCfg = Release|Any CPU
		{8D648EDD-B21E-4BCC-A0C2-5FD39D457720}.Ad-Hoc|iPhone.Build.0 = Release|Any CPU
		{8D648EDD-B21E-4BCC-A0C2-5FD39D457720}.Ad-Hoc|iPhone.Deploy.0 = Release|Any CPU
		{8D648EDD-B21E-4BCC-A0C2-5FD39D457720}.Ad-Hoc|iPhoneSimulator.ActiveCfg = Release|Any CPU
		{8D648EDD-B21E-4BCC-A0C2-5FD39D457720}.Ad-Hoc|iPhoneSimulator.Build.0 = Release|Any CPU
		{8D648EDD-B21E-4BCC-A0C2-5FD39D457720}.Ad-Hoc|iPhoneSimulator.Deploy.0 = Release|Any CPU
		{8D648EDD-B21E-4BCC-A0C2-5FD39D457720}.Ad-Hoc|x64.ActiveCfg = Release|Any CPU
		{8D648EDD-B21E-4BCC-A0C2-5FD39D457720}.Ad-Hoc|x64.Build.0 = Release|Any CPU
		{8D648EDD-B21E-4BCC-A0C2-5FD39D457720}.Ad-Hoc|x64.Deploy.0 = Release|Any CPU
		{8D648EDD-B21E-4BCC-A0C2-5FD39D457720}.Ad-Hoc|x86.ActiveCfg = Release|x86
		{8D648EDD-B21E-4BCC-A0C2-5FD39D457720}.Ad-Hoc|x86.Build.0 = Release|x86
		{8D648EDD-B21E-4BCC-A0C2-5FD39D457720}.Ad-Hoc|x86.Deploy.0 = Release|x86
		{8D648EDD-B21E-4BCC-A0C2-5FD39D457720}.AppStore|Any CPU.ActiveCfg = Release|Any CPU
		{8D648EDD-B21E-4BCC-A0C2-5FD39D457720}.AppStore|Any CPU.Build.0 = Release|Any CPU
		{8D648EDD-B21E-4BCC-A0C2-5FD39D457720}.AppStore|Any CPU.Deploy.0 = Release|Any CPU
		{8D648EDD-B21E-4BCC-A0C2-5FD39D457720}.AppStore|ARM.ActiveCfg = Release|ARM
		{8D648EDD-B21E-4BCC-A0C2-5FD39D457720}.AppStore|ARM.Build.0 = Release|ARM
		{8D648EDD-B21E-4BCC-A0C2-5FD39D457720}.AppStore|ARM.Deploy.0 = Release|ARM
		{8D648EDD-B21E-4BCC-A0C2-5FD39D457720}.AppStore|iPhone.ActiveCfg = Release|Any CPU
		{8D648EDD-B21E-4BCC-A0C2-5FD39D457720}.AppStore|iPhone.Build.0 = Release|Any CPU
		{8D648EDD-B21E-4BCC-A0C2-5FD39D457720}.AppStore|iPhone.Deploy.0 = Release|Any CPU
		{8D648EDD-B21E-4BCC-A0C2-5FD39D457720}.AppStore|iPhoneSimulator.ActiveCfg = Release|Any CPU
		{8D648EDD-B21E-4BCC-A0C2-5FD39D457720}.AppStore|iPhoneSimulator.Build.0 = Release|Any CPU
		{8D648EDD-B21E-4BCC-A0C2-5FD39D457720}.AppStore|iPhoneSimulator.Deploy.0 = Release|Any CPU
		{8D648EDD-B21E-4BCC-A0C2-5FD39D457720}.AppStore|x64.ActiveCfg = Release|Any CPU
		{8D648EDD-B21E-4BCC-A0C2-5FD39D457720}.AppStore|x64.Build.0 = Release|Any CPU
		{8D648EDD-B21E-4BCC-A0C2-5FD39D457720}.AppStore|x64.Deploy.0 = Release|Any CPU
		{8D648EDD-B21E-4BCC-A0C2-5FD39D457720}.AppStore|x86.ActiveCfg = Release|x86
		{8D648EDD-B21E-4BCC-A0C2-5FD39D457720}.AppStore|x86.Build.0 = Release|x86
		{8D648EDD-B21E-4BCC-A0C2-5FD39D457720}.AppStore|x86.Deploy.0 = Release|x86
		{8D648EDD-B21E-4BCC-A0C2-5FD39D457720}.Debug|Any CPU.ActiveCfg = Debug|Any CPU
		{8D648EDD-B21E-4BCC-A0C2-5FD39D457720}.Debug|Any CPU.Build.0 = Debug|Any CPU
		{8D648EDD-B21E-4BCC-A0C2-5FD39D457720}.Debug|Any CPU.Deploy.0 = Debug|Any CPU
		{8D648EDD-B21E-4BCC-A0C2-5FD39D457720}.Debug|ARM.ActiveCfg = Debug|ARM
		{8D648EDD-B21E-4BCC-A0C2-5FD39D457720}.Debug|ARM.Build.0 = Debug|ARM
		{8D648EDD-B21E-4BCC-A0C2-5FD39D457720}.Debug|ARM.Deploy.0 = Debug|ARM
		{8D648EDD-B21E-4BCC-A0C2-5FD39D457720}.Debug|iPhone.ActiveCfg = Debug|Any CPU
		{8D648EDD-B21E-4BCC-A0C2-5FD39D457720}.Debug|iPhone.Build.0 = Debug|Any CPU
		{8D648EDD-B21E-4BCC-A0C2-5FD39D457720}.Debug|iPhone.Deploy.0 = Debug|Any CPU
		{8D648EDD-B21E-4BCC-A0C2-5FD39D457720}.Debug|iPhoneSimulator.ActiveCfg = Debug|Any CPU
		{8D648EDD-B21E-4BCC-A0C2-5FD39D457720}.Debug|iPhoneSimulator.Build.0 = Debug|Any CPU
		{8D648EDD-B21E-4BCC-A0C2-5FD39D457720}.Debug|iPhoneSimulator.Deploy.0 = Debug|Any CPU
		{8D648EDD-B21E-4BCC-A0C2-5FD39D457720}.Debug|x64.ActiveCfg = Debug|Any CPU
		{8D648EDD-B21E-4BCC-A0C2-5FD39D457720}.Debug|x64.Build.0 = Debug|Any CPU
		{8D648EDD-B21E-4BCC-A0C2-5FD39D457720}.Debug|x64.Deploy.0 = Debug|Any CPU
		{8D648EDD-B21E-4BCC-A0C2-5FD39D457720}.Debug|x86.ActiveCfg = Debug|x86
		{8D648EDD-B21E-4BCC-A0C2-5FD39D457720}.Debug|x86.Build.0 = Debug|x86
		{8D648EDD-B21E-4BCC-A0C2-5FD39D457720}.Debug|x86.Deploy.0 = Debug|x86
		{8D648EDD-B21E-4BCC-A0C2-5FD39D457720}.Release|Any CPU.ActiveCfg = Release|Any CPU
		{8D648EDD-B21E-4BCC-A0C2-5FD39D457720}.Release|Any CPU.Build.0 = Release|Any CPU
		{8D648EDD-B21E-4BCC-A0C2-5FD39D457720}.Release|Any CPU.Deploy.0 = Release|Any CPU
		{8D648EDD-B21E-4BCC-A0C2-5FD39D457720}.Release|ARM.ActiveCfg = Release|ARM
		{8D648EDD-B21E-4BCC-A0C2-5FD39D457720}.Release|ARM.Build.0 = Release|ARM
		{8D648EDD-B21E-4BCC-A0C2-5FD39D457720}.Release|ARM.Deploy.0 = Release|ARM
		{8D648EDD-B21E-4BCC-A0C2-5FD39D457720}.Release|iPhone.ActiveCfg = Release|Any CPU
		{8D648EDD-B21E-4BCC-A0C2-5FD39D457720}.Release|iPhone.Build.0 = Release|Any CPU
		{8D648EDD-B21E-4BCC-A0C2-5FD39D457720}.Release|iPhone.Deploy.0 = Release|Any CPU
		{8D648EDD-B21E-4BCC-A0C2-5FD39D457720}.Release|iPhoneSimulator.ActiveCfg = Release|Any CPU
		{8D648EDD-B21E-4BCC-A0C2-5FD39D457720}.Release|iPhoneSimulator.Build.0 = Release|Any CPU
		{8D648EDD-B21E-4BCC-A0C2-5FD39D457720}.Release|iPhoneSimulator.Deploy.0 = Release|Any CPU
		{8D648EDD-B21E-4BCC-A0C2-5FD39D457720}.Release|x64.ActiveCfg = Release|Any CPU
		{8D648EDD-B21E-4BCC-A0C2-5FD39D457720}.Release|x64.Build.0 = Release|Any CPU
		{8D648EDD-B21E-4BCC-A0C2-5FD39D457720}.Release|x64.Deploy.0 = Release|Any CPU
		{8D648EDD-B21E-4BCC-A0C2-5FD39D457720}.Release|x86.ActiveCfg = Release|x86
		{8D648EDD-B21E-4BCC-A0C2-5FD39D457720}.Release|x86.Build.0 = Release|x86
		{8D648EDD-B21E-4BCC-A0C2-5FD39D457720}.Release|x86.Deploy.0 = Release|x86
		{31E81BB3-8690-4A0F-B036-0C97C9A29A70}.Ad-Hoc|Any CPU.ActiveCfg = Release|x86
		{31E81BB3-8690-4A0F-B036-0C97C9A29A70}.Ad-Hoc|Any CPU.Build.0 = Release|x86
		{31E81BB3-8690-4A0F-B036-0C97C9A29A70}.Ad-Hoc|Any CPU.Deploy.0 = Release|x86
		{31E81BB3-8690-4A0F-B036-0C97C9A29A70}.Ad-Hoc|ARM.ActiveCfg = Release|ARM
		{31E81BB3-8690-4A0F-B036-0C97C9A29A70}.Ad-Hoc|ARM.Build.0 = Release|ARM
		{31E81BB3-8690-4A0F-B036-0C97C9A29A70}.Ad-Hoc|ARM.Deploy.0 = Release|ARM
		{31E81BB3-8690-4A0F-B036-0C97C9A29A70}.Ad-Hoc|iPhone.ActiveCfg = Release|x86
		{31E81BB3-8690-4A0F-B036-0C97C9A29A70}.Ad-Hoc|iPhone.Build.0 = Release|x86
		{31E81BB3-8690-4A0F-B036-0C97C9A29A70}.Ad-Hoc|iPhone.Deploy.0 = Release|x86
		{31E81BB3-8690-4A0F-B036-0C97C9A29A70}.Ad-Hoc|iPhoneSimulator.ActiveCfg = Release|x86
		{31E81BB3-8690-4A0F-B036-0C97C9A29A70}.Ad-Hoc|iPhoneSimulator.Build.0 = Release|x86
		{31E81BB3-8690-4A0F-B036-0C97C9A29A70}.Ad-Hoc|iPhoneSimulator.Deploy.0 = Release|x86
		{31E81BB3-8690-4A0F-B036-0C97C9A29A70}.Ad-Hoc|x64.ActiveCfg = Release|x64
		{31E81BB3-8690-4A0F-B036-0C97C9A29A70}.Ad-Hoc|x64.Build.0 = Release|x64
		{31E81BB3-8690-4A0F-B036-0C97C9A29A70}.Ad-Hoc|x64.Deploy.0 = Release|x64
		{31E81BB3-8690-4A0F-B036-0C97C9A29A70}.Ad-Hoc|x86.ActiveCfg = Release|x86
		{31E81BB3-8690-4A0F-B036-0C97C9A29A70}.Ad-Hoc|x86.Build.0 = Release|x86
		{31E81BB3-8690-4A0F-B036-0C97C9A29A70}.Ad-Hoc|x86.Deploy.0 = Release|x86
		{31E81BB3-8690-4A0F-B036-0C97C9A29A70}.AppStore|Any CPU.ActiveCfg = Release|x86
		{31E81BB3-8690-4A0F-B036-0C97C9A29A70}.AppStore|Any CPU.Build.0 = Release|x86
		{31E81BB3-8690-4A0F-B036-0C97C9A29A70}.AppStore|Any CPU.Deploy.0 = Release|x86
		{31E81BB3-8690-4A0F-B036-0C97C9A29A70}.AppStore|ARM.ActiveCfg = Release|ARM
		{31E81BB3-8690-4A0F-B036-0C97C9A29A70}.AppStore|ARM.Build.0 = Release|ARM
		{31E81BB3-8690-4A0F-B036-0C97C9A29A70}.AppStore|ARM.Deploy.0 = Release|ARM
		{31E81BB3-8690-4A0F-B036-0C97C9A29A70}.AppStore|iPhone.ActiveCfg = Release|x86
		{31E81BB3-8690-4A0F-B036-0C97C9A29A70}.AppStore|iPhone.Build.0 = Release|x86
		{31E81BB3-8690-4A0F-B036-0C97C9A29A70}.AppStore|iPhone.Deploy.0 = Release|x86
		{31E81BB3-8690-4A0F-B036-0C97C9A29A70}.AppStore|iPhoneSimulator.ActiveCfg = Release|x86
		{31E81BB3-8690-4A0F-B036-0C97C9A29A70}.AppStore|iPhoneSimulator.Build.0 = Release|x86
		{31E81BB3-8690-4A0F-B036-0C97C9A29A70}.AppStore|iPhoneSimulator.Deploy.0 = Release|x86
		{31E81BB3-8690-4A0F-B036-0C97C9A29A70}.AppStore|x64.ActiveCfg = Release|x64
		{31E81BB3-8690-4A0F-B036-0C97C9A29A70}.AppStore|x64.Build.0 = Release|x64
		{31E81BB3-8690-4A0F-B036-0C97C9A29A70}.AppStore|x64.Deploy.0 = Release|x64
		{31E81BB3-8690-4A0F-B036-0C97C9A29A70}.AppStore|x86.ActiveCfg = Release|x86
		{31E81BB3-8690-4A0F-B036-0C97C9A29A70}.AppStore|x86.Build.0 = Release|x86
		{31E81BB3-8690-4A0F-B036-0C97C9A29A70}.AppStore|x86.Deploy.0 = Release|x86
		{31E81BB3-8690-4A0F-B036-0C97C9A29A70}.Debug|Any CPU.ActiveCfg = Debug|x86
		{31E81BB3-8690-4A0F-B036-0C97C9A29A70}.Debug|ARM.ActiveCfg = Debug|ARM
		{31E81BB3-8690-4A0F-B036-0C97C9A29A70}.Debug|ARM.Build.0 = Debug|ARM
		{31E81BB3-8690-4A0F-B036-0C97C9A29A70}.Debug|ARM.Deploy.0 = Debug|ARM
		{31E81BB3-8690-4A0F-B036-0C97C9A29A70}.Debug|iPhone.ActiveCfg = Debug|x86
		{31E81BB3-8690-4A0F-B036-0C97C9A29A70}.Debug|iPhoneSimulator.ActiveCfg = Debug|x86
		{31E81BB3-8690-4A0F-B036-0C97C9A29A70}.Debug|x64.ActiveCfg = Debug|x64
		{31E81BB3-8690-4A0F-B036-0C97C9A29A70}.Debug|x64.Build.0 = Debug|x64
		{31E81BB3-8690-4A0F-B036-0C97C9A29A70}.Debug|x64.Deploy.0 = Debug|x64
		{31E81BB3-8690-4A0F-B036-0C97C9A29A70}.Debug|x86.ActiveCfg = Debug|x86
		{31E81BB3-8690-4A0F-B036-0C97C9A29A70}.Debug|x86.Build.0 = Debug|x86
		{31E81BB3-8690-4A0F-B036-0C97C9A29A70}.Debug|x86.Deploy.0 = Debug|x86
		{31E81BB3-8690-4A0F-B036-0C97C9A29A70}.Release|Any CPU.ActiveCfg = Release|x86
		{31E81BB3-8690-4A0F-B036-0C97C9A29A70}.Release|ARM.ActiveCfg = Release|ARM
		{31E81BB3-8690-4A0F-B036-0C97C9A29A70}.Release|ARM.Build.0 = Release|ARM
		{31E81BB3-8690-4A0F-B036-0C97C9A29A70}.Release|ARM.Deploy.0 = Release|ARM
		{31E81BB3-8690-4A0F-B036-0C97C9A29A70}.Release|iPhone.ActiveCfg = Release|x86
		{31E81BB3-8690-4A0F-B036-0C97C9A29A70}.Release|iPhoneSimulator.ActiveCfg = Release|x86
		{31E81BB3-8690-4A0F-B036-0C97C9A29A70}.Release|x64.ActiveCfg = Release|x64
		{31E81BB3-8690-4A0F-B036-0C97C9A29A70}.Release|x64.Build.0 = Release|x64
		{31E81BB3-8690-4A0F-B036-0C97C9A29A70}.Release|x64.Deploy.0 = Release|x64
		{31E81BB3-8690-4A0F-B036-0C97C9A29A70}.Release|x86.ActiveCfg = Release|x86
		{31E81BB3-8690-4A0F-B036-0C97C9A29A70}.Release|x86.Build.0 = Release|x86
		{31E81BB3-8690-4A0F-B036-0C97C9A29A70}.Release|x86.Deploy.0 = Release|x86
		{C248309E-45DC-4F5A-9D93-B58D91A5161C}.Ad-Hoc|Any CPU.ActiveCfg = Release|Any CPU
		{C248309E-45DC-4F5A-9D93-B58D91A5161C}.Ad-Hoc|Any CPU.Build.0 = Release|Any CPU
		{C248309E-45DC-4F5A-9D93-B58D91A5161C}.Ad-Hoc|Any CPU.Deploy.0 = Release|Any CPU
		{C248309E-45DC-4F5A-9D93-B58D91A5161C}.Ad-Hoc|ARM.ActiveCfg = Release|ARM
		{C248309E-45DC-4F5A-9D93-B58D91A5161C}.Ad-Hoc|ARM.Build.0 = Release|ARM
		{C248309E-45DC-4F5A-9D93-B58D91A5161C}.Ad-Hoc|ARM.Deploy.0 = Release|ARM
		{C248309E-45DC-4F5A-9D93-B58D91A5161C}.Ad-Hoc|iPhone.ActiveCfg = Release|Any CPU
		{C248309E-45DC-4F5A-9D93-B58D91A5161C}.Ad-Hoc|iPhone.Build.0 = Release|Any CPU
		{C248309E-45DC-4F5A-9D93-B58D91A5161C}.Ad-Hoc|iPhone.Deploy.0 = Release|Any CPU
		{C248309E-45DC-4F5A-9D93-B58D91A5161C}.Ad-Hoc|iPhoneSimulator.ActiveCfg = Release|Any CPU
		{C248309E-45DC-4F5A-9D93-B58D91A5161C}.Ad-Hoc|iPhoneSimulator.Build.0 = Release|Any CPU
		{C248309E-45DC-4F5A-9D93-B58D91A5161C}.Ad-Hoc|iPhoneSimulator.Deploy.0 = Release|Any CPU
		{C248309E-45DC-4F5A-9D93-B58D91A5161C}.Ad-Hoc|x64.ActiveCfg = Release|x64
		{C248309E-45DC-4F5A-9D93-B58D91A5161C}.Ad-Hoc|x64.Build.0 = Release|x64
		{C248309E-45DC-4F5A-9D93-B58D91A5161C}.Ad-Hoc|x64.Deploy.0 = Release|x64
		{C248309E-45DC-4F5A-9D93-B58D91A5161C}.Ad-Hoc|x86.ActiveCfg = Release|x86
		{C248309E-45DC-4F5A-9D93-B58D91A5161C}.Ad-Hoc|x86.Build.0 = Release|x86
		{C248309E-45DC-4F5A-9D93-B58D91A5161C}.Ad-Hoc|x86.Deploy.0 = Release|x86
		{C248309E-45DC-4F5A-9D93-B58D91A5161C}.AppStore|Any CPU.ActiveCfg = Release|Any CPU
		{C248309E-45DC-4F5A-9D93-B58D91A5161C}.AppStore|Any CPU.Build.0 = Release|Any CPU
		{C248309E-45DC-4F5A-9D93-B58D91A5161C}.AppStore|Any CPU.Deploy.0 = Release|Any CPU
		{C248309E-45DC-4F5A-9D93-B58D91A5161C}.AppStore|ARM.ActiveCfg = Release|ARM
		{C248309E-45DC-4F5A-9D93-B58D91A5161C}.AppStore|ARM.Build.0 = Release|ARM
		{C248309E-45DC-4F5A-9D93-B58D91A5161C}.AppStore|ARM.Deploy.0 = Release|ARM
		{C248309E-45DC-4F5A-9D93-B58D91A5161C}.AppStore|iPhone.ActiveCfg = Release|Any CPU
		{C248309E-45DC-4F5A-9D93-B58D91A5161C}.AppStore|iPhone.Build.0 = Release|Any CPU
		{C248309E-45DC-4F5A-9D93-B58D91A5161C}.AppStore|iPhone.Deploy.0 = Release|Any CPU
		{C248309E-45DC-4F5A-9D93-B58D91A5161C}.AppStore|iPhoneSimulator.ActiveCfg = Release|Any CPU
		{C248309E-45DC-4F5A-9D93-B58D91A5161C}.AppStore|iPhoneSimulator.Build.0 = Release|Any CPU
		{C248309E-45DC-4F5A-9D93-B58D91A5161C}.AppStore|iPhoneSimulator.Deploy.0 = Release|Any CPU
		{C248309E-45DC-4F5A-9D93-B58D91A5161C}.AppStore|x64.ActiveCfg = Release|x64
		{C248309E-45DC-4F5A-9D93-B58D91A5161C}.AppStore|x64.Build.0 = Release|x64
		{C248309E-45DC-4F5A-9D93-B58D91A5161C}.AppStore|x64.Deploy.0 = Release|x64
		{C248309E-45DC-4F5A-9D93-B58D91A5161C}.AppStore|x86.ActiveCfg = Release|x86
		{C248309E-45DC-4F5A-9D93-B58D91A5161C}.AppStore|x86.Build.0 = Release|x86
		{C248309E-45DC-4F5A-9D93-B58D91A5161C}.AppStore|x86.Deploy.0 = Release|x86
		{C248309E-45DC-4F5A-9D93-B58D91A5161C}.Debug|Any CPU.ActiveCfg = Debug|Any CPU
		{C248309E-45DC-4F5A-9D93-B58D91A5161C}.Debug|Any CPU.Build.0 = Debug|Any CPU
		{C248309E-45DC-4F5A-9D93-B58D91A5161C}.Debug|Any CPU.Deploy.0 = Debug|Any CPU
		{C248309E-45DC-4F5A-9D93-B58D91A5161C}.Debug|ARM.ActiveCfg = Debug|ARM
		{C248309E-45DC-4F5A-9D93-B58D91A5161C}.Debug|ARM.Build.0 = Debug|ARM
		{C248309E-45DC-4F5A-9D93-B58D91A5161C}.Debug|ARM.Deploy.0 = Debug|ARM
		{C248309E-45DC-4F5A-9D93-B58D91A5161C}.Debug|iPhone.ActiveCfg = Debug|Any CPU
		{C248309E-45DC-4F5A-9D93-B58D91A5161C}.Debug|iPhone.Build.0 = Debug|Any CPU
		{C248309E-45DC-4F5A-9D93-B58D91A5161C}.Debug|iPhone.Deploy.0 = Debug|Any CPU
		{C248309E-45DC-4F5A-9D93-B58D91A5161C}.Debug|iPhoneSimulator.ActiveCfg = Debug|Any CPU
		{C248309E-45DC-4F5A-9D93-B58D91A5161C}.Debug|iPhoneSimulator.Build.0 = Debug|Any CPU
		{C248309E-45DC-4F5A-9D93-B58D91A5161C}.Debug|iPhoneSimulator.Deploy.0 = Debug|Any CPU
		{C248309E-45DC-4F5A-9D93-B58D91A5161C}.Debug|x64.ActiveCfg = Debug|x64
		{C248309E-45DC-4F5A-9D93-B58D91A5161C}.Debug|x64.Build.0 = Debug|x64
		{C248309E-45DC-4F5A-9D93-B58D91A5161C}.Debug|x64.Deploy.0 = Debug|x64
		{C248309E-45DC-4F5A-9D93-B58D91A5161C}.Debug|x86.ActiveCfg = Debug|x86
		{C248309E-45DC-4F5A-9D93-B58D91A5161C}.Debug|x86.Build.0 = Debug|x86
		{C248309E-45DC-4F5A-9D93-B58D91A5161C}.Debug|x86.Deploy.0 = Debug|x86
		{C248309E-45DC-4F5A-9D93-B58D91A5161C}.Release|Any CPU.ActiveCfg = Release|Any CPU
		{C248309E-45DC-4F5A-9D93-B58D91A5161C}.Release|Any CPU.Build.0 = Release|Any CPU
		{C248309E-45DC-4F5A-9D93-B58D91A5161C}.Release|Any CPU.Deploy.0 = Release|Any CPU
		{C248309E-45DC-4F5A-9D93-B58D91A5161C}.Release|ARM.ActiveCfg = Release|ARM
		{C248309E-45DC-4F5A-9D93-B58D91A5161C}.Release|ARM.Build.0 = Release|ARM
		{C248309E-45DC-4F5A-9D93-B58D91A5161C}.Release|ARM.Deploy.0 = Release|ARM
		{C248309E-45DC-4F5A-9D93-B58D91A5161C}.Release|iPhone.ActiveCfg = Release|Any CPU
		{C248309E-45DC-4F5A-9D93-B58D91A5161C}.Release|iPhone.Build.0 = Release|Any CPU
		{C248309E-45DC-4F5A-9D93-B58D91A5161C}.Release|iPhone.Deploy.0 = Release|Any CPU
		{C248309E-45DC-4F5A-9D93-B58D91A5161C}.Release|iPhoneSimulator.ActiveCfg = Release|Any CPU
		{C248309E-45DC-4F5A-9D93-B58D91A5161C}.Release|iPhoneSimulator.Build.0 = Release|Any CPU
		{C248309E-45DC-4F5A-9D93-B58D91A5161C}.Release|iPhoneSimulator.Deploy.0 = Release|Any CPU
		{C248309E-45DC-4F5A-9D93-B58D91A5161C}.Release|x64.ActiveCfg = Release|x64
		{C248309E-45DC-4F5A-9D93-B58D91A5161C}.Release|x64.Build.0 = Release|x64
		{C248309E-45DC-4F5A-9D93-B58D91A5161C}.Release|x64.Deploy.0 = Release|x64
		{C248309E-45DC-4F5A-9D93-B58D91A5161C}.Release|x86.ActiveCfg = Release|x86
		{C248309E-45DC-4F5A-9D93-B58D91A5161C}.Release|x86.Build.0 = Release|x86
		{C248309E-45DC-4F5A-9D93-B58D91A5161C}.Release|x86.Deploy.0 = Release|x86
		{5F196D46-8F4B-46B1-8DA5-2307A8F694A4}.Ad-Hoc|Any CPU.ActiveCfg = Release|Any CPU
		{5F196D46-8F4B-46B1-8DA5-2307A8F694A4}.Ad-Hoc|Any CPU.Build.0 = Release|Any CPU
		{5F196D46-8F4B-46B1-8DA5-2307A8F694A4}.Ad-Hoc|ARM.ActiveCfg = Release|Any CPU
		{5F196D46-8F4B-46B1-8DA5-2307A8F694A4}.Ad-Hoc|ARM.Build.0 = Release|Any CPU
		{5F196D46-8F4B-46B1-8DA5-2307A8F694A4}.Ad-Hoc|iPhone.ActiveCfg = Release|Any CPU
		{5F196D46-8F4B-46B1-8DA5-2307A8F694A4}.Ad-Hoc|iPhone.Build.0 = Release|Any CPU
		{5F196D46-8F4B-46B1-8DA5-2307A8F694A4}.Ad-Hoc|iPhoneSimulator.ActiveCfg = Release|Any CPU
		{5F196D46-8F4B-46B1-8DA5-2307A8F694A4}.Ad-Hoc|iPhoneSimulator.Build.0 = Release|Any CPU
		{5F196D46-8F4B-46B1-8DA5-2307A8F694A4}.Ad-Hoc|x64.ActiveCfg = Release|Any CPU
		{5F196D46-8F4B-46B1-8DA5-2307A8F694A4}.Ad-Hoc|x64.Build.0 = Release|Any CPU
		{5F196D46-8F4B-46B1-8DA5-2307A8F694A4}.Ad-Hoc|x86.ActiveCfg = Release|Any CPU
		{5F196D46-8F4B-46B1-8DA5-2307A8F694A4}.Ad-Hoc|x86.Build.0 = Release|Any CPU
		{5F196D46-8F4B-46B1-8DA5-2307A8F694A4}.AppStore|Any CPU.ActiveCfg = Release|Any CPU
		{5F196D46-8F4B-46B1-8DA5-2307A8F694A4}.AppStore|Any CPU.Build.0 = Release|Any CPU
		{5F196D46-8F4B-46B1-8DA5-2307A8F694A4}.AppStore|ARM.ActiveCfg = Release|Any CPU
		{5F196D46-8F4B-46B1-8DA5-2307A8F694A4}.AppStore|ARM.Build.0 = Release|Any CPU
		{5F196D46-8F4B-46B1-8DA5-2307A8F694A4}.AppStore|iPhone.ActiveCfg = Release|Any CPU
		{5F196D46-8F4B-46B1-8DA5-2307A8F694A4}.AppStore|iPhone.Build.0 = Release|Any CPU
		{5F196D46-8F4B-46B1-8DA5-2307A8F694A4}.AppStore|iPhoneSimulator.ActiveCfg = Release|Any CPU
		{5F196D46-8F4B-46B1-8DA5-2307A8F694A4}.AppStore|iPhoneSimulator.Build.0 = Release|Any CPU
		{5F196D46-8F4B-46B1-8DA5-2307A8F694A4}.AppStore|x64.ActiveCfg = Release|Any CPU
		{5F196D46-8F4B-46B1-8DA5-2307A8F694A4}.AppStore|x64.Build.0 = Release|Any CPU
		{5F196D46-8F4B-46B1-8DA5-2307A8F694A4}.AppStore|x86.ActiveCfg = Release|Any CPU
		{5F196D46-8F4B-46B1-8DA5-2307A8F694A4}.AppStore|x86.Build.0 = Release|Any CPU
		{5F196D46-8F4B-46B1-8DA5-2307A8F694A4}.Debug|Any CPU.ActiveCfg = Debug|Any CPU
		{5F196D46-8F4B-46B1-8DA5-2307A8F694A4}.Debug|Any CPU.Build.0 = Debug|Any CPU
		{5F196D46-8F4B-46B1-8DA5-2307A8F694A4}.Debug|ARM.ActiveCfg = Debug|Any CPU
		{5F196D46-8F4B-46B1-8DA5-2307A8F694A4}.Debug|ARM.Build.0 = Debug|Any CPU
		{5F196D46-8F4B-46B1-8DA5-2307A8F694A4}.Debug|iPhone.ActiveCfg = Debug|Any CPU
		{5F196D46-8F4B-46B1-8DA5-2307A8F694A4}.Debug|iPhone.Build.0 = Debug|Any CPU
		{5F196D46-8F4B-46B1-8DA5-2307A8F694A4}.Debug|iPhoneSimulator.ActiveCfg = Debug|Any CPU
		{5F196D46-8F4B-46B1-8DA5-2307A8F694A4}.Debug|iPhoneSimulator.Build.0 = Debug|Any CPU
		{5F196D46-8F4B-46B1-8DA5-2307A8F694A4}.Debug|x64.ActiveCfg = Debug|Any CPU
		{5F196D46-8F4B-46B1-8DA5-2307A8F694A4}.Debug|x64.Build.0 = Debug|Any CPU
		{5F196D46-8F4B-46B1-8DA5-2307A8F694A4}.Debug|x86.ActiveCfg = Debug|Any CPU
		{5F196D46-8F4B-46B1-8DA5-2307A8F694A4}.Debug|x86.Build.0 = Debug|Any CPU
		{5F196D46-8F4B-46B1-8DA5-2307A8F694A4}.Release|Any CPU.ActiveCfg = Release|Any CPU
		{5F196D46-8F4B-46B1-8DA5-2307A8F694A4}.Release|Any CPU.Build.0 = Release|Any CPU
		{5F196D46-8F4B-46B1-8DA5-2307A8F694A4}.Release|ARM.ActiveCfg = Release|Any CPU
		{5F196D46-8F4B-46B1-8DA5-2307A8F694A4}.Release|ARM.Build.0 = Release|Any CPU
		{5F196D46-8F4B-46B1-8DA5-2307A8F694A4}.Release|iPhone.ActiveCfg = Release|Any CPU
		{5F196D46-8F4B-46B1-8DA5-2307A8F694A4}.Release|iPhone.Build.0 = Release|Any CPU
		{5F196D46-8F4B-46B1-8DA5-2307A8F694A4}.Release|iPhoneSimulator.ActiveCfg = Release|Any CPU
		{5F196D46-8F4B-46B1-8DA5-2307A8F694A4}.Release|iPhoneSimulator.Build.0 = Release|Any CPU
		{5F196D46-8F4B-46B1-8DA5-2307A8F694A4}.Release|x64.ActiveCfg = Release|Any CPU
		{5F196D46-8F4B-46B1-8DA5-2307A8F694A4}.Release|x64.Build.0 = Release|Any CPU
		{5F196D46-8F4B-46B1-8DA5-2307A8F694A4}.Release|x86.ActiveCfg = Release|Any CPU
		{5F196D46-8F4B-46B1-8DA5-2307A8F694A4}.Release|x86.Build.0 = Release|Any CPU
		{147BFF0E-3BA8-4470-A565-912F96AB1BBD}.Ad-Hoc|Any CPU.ActiveCfg = Release|Any CPU
		{147BFF0E-3BA8-4470-A565-912F96AB1BBD}.Ad-Hoc|Any CPU.Build.0 = Release|Any CPU
		{147BFF0E-3BA8-4470-A565-912F96AB1BBD}.Ad-Hoc|ARM.ActiveCfg = Release|Any CPU
		{147BFF0E-3BA8-4470-A565-912F96AB1BBD}.Ad-Hoc|ARM.Build.0 = Release|Any CPU
		{147BFF0E-3BA8-4470-A565-912F96AB1BBD}.Ad-Hoc|iPhone.ActiveCfg = Release|Any CPU
		{147BFF0E-3BA8-4470-A565-912F96AB1BBD}.Ad-Hoc|iPhone.Build.0 = Release|Any CPU
		{147BFF0E-3BA8-4470-A565-912F96AB1BBD}.Ad-Hoc|iPhoneSimulator.ActiveCfg = Release|Any CPU
		{147BFF0E-3BA8-4470-A565-912F96AB1BBD}.Ad-Hoc|iPhoneSimulator.Build.0 = Release|Any CPU
		{147BFF0E-3BA8-4470-A565-912F96AB1BBD}.Ad-Hoc|x64.ActiveCfg = Release|Any CPU
		{147BFF0E-3BA8-4470-A565-912F96AB1BBD}.Ad-Hoc|x64.Build.0 = Release|Any CPU
		{147BFF0E-3BA8-4470-A565-912F96AB1BBD}.Ad-Hoc|x86.ActiveCfg = Release|Any CPU
		{147BFF0E-3BA8-4470-A565-912F96AB1BBD}.Ad-Hoc|x86.Build.0 = Release|Any CPU
		{147BFF0E-3BA8-4470-A565-912F96AB1BBD}.AppStore|Any CPU.ActiveCfg = Release|Any CPU
		{147BFF0E-3BA8-4470-A565-912F96AB1BBD}.AppStore|Any CPU.Build.0 = Release|Any CPU
		{147BFF0E-3BA8-4470-A565-912F96AB1BBD}.AppStore|ARM.ActiveCfg = Release|Any CPU
		{147BFF0E-3BA8-4470-A565-912F96AB1BBD}.AppStore|ARM.Build.0 = Release|Any CPU
		{147BFF0E-3BA8-4470-A565-912F96AB1BBD}.AppStore|iPhone.ActiveCfg = Release|Any CPU
		{147BFF0E-3BA8-4470-A565-912F96AB1BBD}.AppStore|iPhone.Build.0 = Release|Any CPU
		{147BFF0E-3BA8-4470-A565-912F96AB1BBD}.AppStore|iPhoneSimulator.ActiveCfg = Release|Any CPU
		{147BFF0E-3BA8-4470-A565-912F96AB1BBD}.AppStore|iPhoneSimulator.Build.0 = Release|Any CPU
		{147BFF0E-3BA8-4470-A565-912F96AB1BBD}.AppStore|x64.ActiveCfg = Release|Any CPU
		{147BFF0E-3BA8-4470-A565-912F96AB1BBD}.AppStore|x64.Build.0 = Release|Any CPU
		{147BFF0E-3BA8-4470-A565-912F96AB1BBD}.AppStore|x86.ActiveCfg = Release|Any CPU
		{147BFF0E-3BA8-4470-A565-912F96AB1BBD}.AppStore|x86.Build.0 = Release|Any CPU
		{147BFF0E-3BA8-4470-A565-912F96AB1BBD}.Debug|Any CPU.ActiveCfg = Debug|Any CPU
		{147BFF0E-3BA8-4470-A565-912F96AB1BBD}.Debug|Any CPU.Build.0 = Debug|Any CPU
		{147BFF0E-3BA8-4470-A565-912F96AB1BBD}.Debug|ARM.ActiveCfg = Debug|Any CPU
		{147BFF0E-3BA8-4470-A565-912F96AB1BBD}.Debug|ARM.Build.0 = Debug|Any CPU
		{147BFF0E-3BA8-4470-A565-912F96AB1BBD}.Debug|iPhone.ActiveCfg = Debug|Any CPU
		{147BFF0E-3BA8-4470-A565-912F96AB1BBD}.Debug|iPhone.Build.0 = Debug|Any CPU
		{147BFF0E-3BA8-4470-A565-912F96AB1BBD}.Debug|iPhoneSimulator.ActiveCfg = Debug|Any CPU
		{147BFF0E-3BA8-4470-A565-912F96AB1BBD}.Debug|iPhoneSimulator.Build.0 = Debug|Any CPU
		{147BFF0E-3BA8-4470-A565-912F96AB1BBD}.Debug|x64.ActiveCfg = Debug|Any CPU
		{147BFF0E-3BA8-4470-A565-912F96AB1BBD}.Debug|x64.Build.0 = Debug|Any CPU
		{147BFF0E-3BA8-4470-A565-912F96AB1BBD}.Debug|x86.ActiveCfg = Debug|Any CPU
		{147BFF0E-3BA8-4470-A565-912F96AB1BBD}.Debug|x86.Build.0 = Debug|Any CPU
		{147BFF0E-3BA8-4470-A565-912F96AB1BBD}.Release|Any CPU.ActiveCfg = Release|Any CPU
		{147BFF0E-3BA8-4470-A565-912F96AB1BBD}.Release|Any CPU.Build.0 = Release|Any CPU
		{147BFF0E-3BA8-4470-A565-912F96AB1BBD}.Release|ARM.ActiveCfg = Release|Any CPU
		{147BFF0E-3BA8-4470-A565-912F96AB1BBD}.Release|ARM.Build.0 = Release|Any CPU
		{147BFF0E-3BA8-4470-A565-912F96AB1BBD}.Release|iPhone.ActiveCfg = Release|Any CPU
		{147BFF0E-3BA8-4470-A565-912F96AB1BBD}.Release|iPhone.Build.0 = Release|Any CPU
		{147BFF0E-3BA8-4470-A565-912F96AB1BBD}.Release|iPhoneSimulator.ActiveCfg = Release|Any CPU
		{147BFF0E-3BA8-4470-A565-912F96AB1BBD}.Release|iPhoneSimulator.Build.0 = Release|Any CPU
		{147BFF0E-3BA8-4470-A565-912F96AB1BBD}.Release|x64.ActiveCfg = Release|Any CPU
		{147BFF0E-3BA8-4470-A565-912F96AB1BBD}.Release|x64.Build.0 = Release|Any CPU
		{147BFF0E-3BA8-4470-A565-912F96AB1BBD}.Release|x86.ActiveCfg = Release|Any CPU
		{147BFF0E-3BA8-4470-A565-912F96AB1BBD}.Release|x86.Build.0 = Release|Any CPU
	EndGlobalSection
	GlobalSection(SolutionProperties) = preSolution
		HideSolutionNode = FALSE
	EndGlobalSection
	GlobalSection(NestedProjects) = preSolution
		{5F196D46-8F4B-46B1-8DA5-2307A8F694A4} = {D394AEC9-E91A-4744-A71D-A1EEF7AE25AE}
		{147BFF0E-3BA8-4470-A565-912F96AB1BBD} = {D394AEC9-E91A-4744-A71D-A1EEF7AE25AE}
	EndGlobalSection
EndGlobal
